
Microsoft Visual Studio Solution File, Format Version 12.00
# Visual Studio Version 16
VisualStudioVersion = 16.0.31702.278
MinimumVisualStudioVersion = 10.0.40219.1
Project("{FAE04EC0-301F-11D3-BF4B-00C04F79EFBC}") = "StaceyKingSoundboard", "StaceyKingSoundboard\StaceyKingSoundboard.csproj", "{5F1054CB-6A98-46C5-9CE8-E9039C581E73}"
EndProject
Global
	GlobalSection(SolutionConfigurationPlatforms) = preSolution
		Debug|Any CPU = Debug|Any CPU
		Release|Any CPU = Release|Any CPU
	EndGlobalSection
	GlobalSection(ProjectConfigurationPlatforms) = postSolution
		{5F1054CB-6A98-46C5-9CE8-E9039C581E73}.Debug|Any CPU.ActiveCfg = Debug|Any CPU
		{5F1054CB-6A98-46C5-9CE8-E9039C581E73}.Debug|Any CPU.Build.0 = Debug|Any CPU
		{5F1054CB-6A98-46C5-9CE8-E9039C581E73}.Release|Any CPU.ActiveCfg = Release|Any CPU
		{5F1054CB-6A98-46C5-9CE8-E9039C581E73}.Release|Any CPU.Build.0 = Release|Any CPU
	EndGlobalSection
	GlobalSection(SolutionProperties) = preSolution
		HideSolutionNode = FALSE
	EndGlobalSection
	GlobalSection(ExtensibilityGlobals) = postSolution
		SolutionGuid = {B23040DD-FFAA-4358-AA4A-D8D554B807D2}
	EndGlobalSection
EndGlobal
